
Microsoft Visual Studio Solution File, Format Version 12.00
# Visual Studio Version 16
VisualStudioVersion = 16.0.28803.352
MinimumVisualStudioVersion = 10.0.40219.1
Project("{8BC9CEB8-8B4A-11D0-8D11-00A0C91BC942}") = "TTx", "TTx\TTx.vcxproj", "{D7934E4C-C77B-40B5-AF4B-15CA80624026}"
EndProject
Project("{8BC9CEB8-8B4A-11D0-8D11-00A0C91BC942}") = "TTy", "TTy\TTy.vcxproj", "{61BE5901-1EA4-43DB-80B4-E447E3F9172D}"
EndProject
Project("{8BC9CEB8-8B4A-11D0-8D11-00A0C91BC942}") = "TThread", "TThread\TThread.vcxproj", "{8A1879A7-B4A3-476F-9DED-2FE3982040F3}"
EndProject
Project("{8BC9CEB8-8B4A-11D0-8D11-00A0C91BC942}") = "MFCApplication1", "MFCApplication1\MFCApplication1.vcxproj", "{E2190ED4-BA2B-4940-8D91-370E55061C50}"
EndProject
Project("{8BC9CEB8-8B4A-11D0-8D11-00A0C91BC942}") = "KCC", "KCC\KCC.vcxproj", "{829E8C80-4843-41C4-B19D-DB6EF63619A9}"
EndProject
Project("{8BC9CEB8-8B4A-11D0-8D11-00A0C91BC942}") = "kclrcall", "kclrcall\kclrcall.vcxproj", "{34363786-6C63-4BAB-BBAD-666528F028F9}"
EndProject
Project("{8BC9CEB8-8B4A-11D0-8D11-00A0C91BC942}") = "Kthiscall", "Kthiscall\Kthiscall.vcxproj", "{0F7A86AF-624E-4AAC-8784-621166B0BD2B}"
EndProject
Project("{8BC9CEB8-8B4A-11D0-8D11-00A0C91BC942}") = "DataAlignment", "DataAlignment\DataAlignment.vcxproj", "{A3736935-970C-4DFE-8421-4A28E85BE29B}"
EndProject
Project("{8BC9CEB8-8B4A-11D0-8D11-00A0C91BC942}") = "Keyword_Cast", "Keyword_Cast\Keyword_Cast.vcxproj", "{43F26F8D-C5FB-4559-9BA9-2627B82AC2E2}"
EndProject
Project("{8BC9CEB8-8B4A-11D0-8D11-00A0C91BC942}") = "Keyword_Cast_Clr", "Keyword_Cast_Clr\Keyword_Cast_Clr.vcxproj", "{847C247C-7135-4076-9A95-7CF4497BDBE7}"
EndProject
Project("{8BC9CEB8-8B4A-11D0-8D11-00A0C91BC942}") = "Declaratiors", "Declaratiors\Declaratiors.vcxproj", "{5AAEEDD3-65F1-43C3-B6F0-DA32A7E88412}"
EndProject
Project("{8BC9CEB8-8B4A-11D0-8D11-00A0C91BC942}") = "KSTL", "KSTL\KSTL.vcxproj", "{DC031703-D7FF-4F8F-8F1F-A1E362E6876A}"
EndProject
Project("{8BC9CEB8-8B4A-11D0-8D11-00A0C91BC942}") = "KTimer", "KTimer\KTimer.vcxproj", "{59D6B0AE-320E-40AE-BB75-1E2916C3347E}"
EndProject
Project("{8BC9CEB8-8B4A-11D0-8D11-00A0C91BC942}") = "Conkeyword", "Conkeyword\Conkeyword.vcxproj", "{C8E1DA56-983A-435A-8DC6-4B4851A9D1E0}"
EndProject
Project("{8BC9CEB8-8B4A-11D0-8D11-00A0C91BC942}") = "MutVola", "MutVola\MutVola.vcxproj", "{51F8E5D6-BE2D-4C48-B1A8-2B45154BCAEA}"
EndProject
Project("{8BC9CEB8-8B4A-11D0-8D11-00A0C91BC942}") = "autoT", "autoT\autoT.vcxproj", "{21012A5C-385B-4243-A327-4D5AE8B0FE0E}"
EndProject
Project("{8BC9CEB8-8B4A-11D0-8D11-00A0C91BC942}") = "decltype_attribute", "decltype_attribute\decltype_attribute.vcxproj", "{2FAD1745-F8B6-453C-9587-58EA01D73EE2}"
EndProject
Project("{8BC9CEB8-8B4A-11D0-8D11-00A0C91BC942}") = "Dead_SpinLock", "Dead_SpinLock\Dead_SpinLock.vcxproj", "{A848BA61-C652-4F27-8350-66AE5840A7C4}"
EndProject
Project("{8BC9CEB8-8B4A-11D0-8D11-00A0C91BC942}") = "RValue_LValue", "RValue_LValue\RValue_LValue.vcxproj", "{2C191B70-9E2A-448F-926F-C0D73F947FEF}"
EndProject
Global
	GlobalSection(SolutionConfigurationPlatforms) = preSolution
		Debug|Any CPU = Debug|Any CPU
		Debug|x64 = Debug|x64
		Debug|x86 = Debug|x86
		Release|Any CPU = Release|Any CPU
		Release|x64 = Release|x64
		Release|x86 = Release|x86
	EndGlobalSection
	GlobalSection(ProjectConfigurationPlatforms) = postSolution
		{D7934E4C-C77B-40B5-AF4B-15CA80624026}.Debug|Any CPU.ActiveCfg = Debug|Win32
		{D7934E4C-C77B-40B5-AF4B-15CA80624026}.Debug|x64.ActiveCfg = Debug|x64
		{D7934E4C-C77B-40B5-AF4B-15CA80624026}.Debug|x64.Build.0 = Debug|x64
		{D7934E4C-C77B-40B5-AF4B-15CA80624026}.Debug|x86.ActiveCfg = Debug|Win32
		{D7934E4C-C77B-40B5-AF4B-15CA80624026}.Debug|x86.Build.0 = Debug|Win32
		{D7934E4C-C77B-40B5-AF4B-15CA80624026}.Release|Any CPU.ActiveCfg = Release|Win32
		{D7934E4C-C77B-40B5-AF4B-15CA80624026}.Release|x64.ActiveCfg = Release|x64
		{D7934E4C-C77B-40B5-AF4B-15CA80624026}.Release|x64.Build.0 = Release|x64
		{D7934E4C-C77B-40B5-AF4B-15CA80624026}.Release|x86.ActiveCfg = Release|Win32
		{D7934E4C-C77B-40B5-AF4B-15CA80624026}.Release|x86.Build.0 = Release|Win32
		{61BE5901-1EA4-43DB-80B4-E447E3F9172D}.Debug|Any CPU.ActiveCfg = Debug|Win32
		{61BE5901-1EA4-43DB-80B4-E447E3F9172D}.Debug|x64.ActiveCfg = Debug|x64
		{61BE5901-1EA4-43DB-80B4-E447E3F9172D}.Debug|x64.Build.0 = Debug|x64
		{61BE5901-1EA4-43DB-80B4-E447E3F9172D}.Debug|x86.ActiveCfg = Debug|Win32
		{61BE5901-1EA4-43DB-80B4-E447E3F9172D}.Debug|x86.Build.0 = Debug|Win32
		{61BE5901-1EA4-43DB-80B4-E447E3F9172D}.Release|Any CPU.ActiveCfg = Release|Win32
		{61BE5901-1EA4-43DB-80B4-E447E3F9172D}.Release|x64.ActiveCfg = Release|x64
		{61BE5901-1EA4-43DB-80B4-E447E3F9172D}.Release|x64.Build.0 = Release|x64
		{61BE5901-1EA4-43DB-80B4-E447E3F9172D}.Release|x86.ActiveCfg = Release|Win32
		{61BE5901-1EA4-43DB-80B4-E447E3F9172D}.Release|x86.Build.0 = Release|Win32
		{8A1879A7-B4A3-476F-9DED-2FE3982040F3}.Debug|Any CPU.ActiveCfg = Debug|Win32
		{8A1879A7-B4A3-476F-9DED-2FE3982040F3}.Debug|x64.ActiveCfg = Debug|x64
		{8A1879A7-B4A3-476F-9DED-2FE3982040F3}.Debug|x64.Build.0 = Debug|x64
		{8A1879A7-B4A3-476F-9DED-2FE3982040F3}.Debug|x86.ActiveCfg = Debug|Win32
		{8A1879A7-B4A3-476F-9DED-2FE3982040F3}.Debug|x86.Build.0 = Debug|Win32
		{8A1879A7-B4A3-476F-9DED-2FE3982040F3}.Release|Any CPU.ActiveCfg = Release|Win32
		{8A1879A7-B4A3-476F-9DED-2FE3982040F3}.Release|x64.ActiveCfg = Release|x64
		{8A1879A7-B4A3-476F-9DED-2FE3982040F3}.Release|x64.Build.0 = Release|x64
		{8A1879A7-B4A3-476F-9DED-2FE3982040F3}.Release|x86.ActiveCfg = Release|Win32
		{8A1879A7-B4A3-476F-9DED-2FE3982040F3}.Release|x86.Build.0 = Release|Win32
		{E2190ED4-BA2B-4940-8D91-370E55061C50}.Debug|Any CPU.ActiveCfg = Debug|Win32
		{E2190ED4-BA2B-4940-8D91-370E55061C50}.Debug|x64.ActiveCfg = Debug|x64
		{E2190ED4-BA2B-4940-8D91-370E55061C50}.Debug|x64.Build.0 = Debug|x64
		{E2190ED4-BA2B-4940-8D91-370E55061C50}.Debug|x86.ActiveCfg = Debug|Win32
		{E2190ED4-BA2B-4940-8D91-370E55061C50}.Debug|x86.Build.0 = Debug|Win32
		{E2190ED4-BA2B-4940-8D91-370E55061C50}.Release|Any CPU.ActiveCfg = Release|Win32
		{E2190ED4-BA2B-4940-8D91-370E55061C50}.Release|x64.ActiveCfg = Release|x64
		{E2190ED4-BA2B-4940-8D91-370E55061C50}.Release|x64.Build.0 = Release|x64
		{E2190ED4-BA2B-4940-8D91-370E55061C50}.Release|x86.ActiveCfg = Release|Win32
		{E2190ED4-BA2B-4940-8D91-370E55061C50}.Release|x86.Build.0 = Release|Win32
		{829E8C80-4843-41C4-B19D-DB6EF63619A9}.Debug|Any CPU.ActiveCfg = Debug|Win32
		{829E8C80-4843-41C4-B19D-DB6EF63619A9}.Debug|x64.ActiveCfg = Debug|x64
		{829E8C80-4843-41C4-B19D-DB6EF63619A9}.Debug|x64.Build.0 = Debug|x64
		{829E8C80-4843-41C4-B19D-DB6EF63619A9}.Debug|x86.ActiveCfg = Debug|Win32
		{829E8C80-4843-41C4-B19D-DB6EF63619A9}.Debug|x86.Build.0 = Debug|Win32
		{829E8C80-4843-41C4-B19D-DB6EF63619A9}.Release|Any CPU.ActiveCfg = Release|Win32
		{829E8C80-4843-41C4-B19D-DB6EF63619A9}.Release|x64.ActiveCfg = Release|x64
		{829E8C80-4843-41C4-B19D-DB6EF63619A9}.Release|x64.Build.0 = Release|x64
		{829E8C80-4843-41C4-B19D-DB6EF63619A9}.Release|x86.ActiveCfg = Release|Win32
		{829E8C80-4843-41C4-B19D-DB6EF63619A9}.Release|x86.Build.0 = Release|Win32
		{34363786-6C63-4BAB-BBAD-666528F028F9}.Debug|Any CPU.ActiveCfg = Debug|Win32
		{34363786-6C63-4BAB-BBAD-666528F028F9}.Debug|x64.ActiveCfg = Debug|x64
		{34363786-6C63-4BAB-BBAD-666528F028F9}.Debug|x64.Build.0 = Debug|x64
		{34363786-6C63-4BAB-BBAD-666528F028F9}.Debug|x86.ActiveCfg = Debug|Win32
		{34363786-6C63-4BAB-BBAD-666528F028F9}.Debug|x86.Build.0 = Debug|Win32
		{34363786-6C63-4BAB-BBAD-666528F028F9}.Release|Any CPU.ActiveCfg = Release|Win32
		{34363786-6C63-4BAB-BBAD-666528F028F9}.Release|x64.ActiveCfg = Release|x64
		{34363786-6C63-4BAB-BBAD-666528F028F9}.Release|x64.Build.0 = Release|x64
		{34363786-6C63-4BAB-BBAD-666528F028F9}.Release|x86.ActiveCfg = Release|Win32
		{34363786-6C63-4BAB-BBAD-666528F028F9}.Release|x86.Build.0 = Release|Win32
		{0F7A86AF-624E-4AAC-8784-621166B0BD2B}.Debug|Any CPU.ActiveCfg = Debug|Win32
		{0F7A86AF-624E-4AAC-8784-621166B0BD2B}.Debug|x64.ActiveCfg = Debug|x64
		{0F7A86AF-624E-4AAC-8784-621166B0BD2B}.Debug|x64.Build.0 = Debug|x64
		{0F7A86AF-624E-4AAC-8784-621166B0BD2B}.Debug|x86.ActiveCfg = Debug|Win32
		{0F7A86AF-624E-4AAC-8784-621166B0BD2B}.Debug|x86.Build.0 = Debug|Win32
		{0F7A86AF-624E-4AAC-8784-621166B0BD2B}.Release|Any CPU.ActiveCfg = Release|Win32
		{0F7A86AF-624E-4AAC-8784-621166B0BD2B}.Release|x64.ActiveCfg = Release|x64
		{0F7A86AF-624E-4AAC-8784-621166B0BD2B}.Release|x64.Build.0 = Release|x64
		{0F7A86AF-624E-4AAC-8784-621166B0BD2B}.Release|x86.ActiveCfg = Release|Win32
		{0F7A86AF-624E-4AAC-8784-621166B0BD2B}.Release|x86.Build.0 = Release|Win32
		{A3736935-970C-4DFE-8421-4A28E85BE29B}.Debug|Any CPU.ActiveCfg = Debug|Win32
		{A3736935-970C-4DFE-8421-4A28E85BE29B}.Debug|x64.ActiveCfg = Debug|x64
		{A3736935-970C-4DFE-8421-4A28E85BE29B}.Debug|x64.Build.0 = Debug|x64
		{A3736935-970C-4DFE-8421-4A28E85BE29B}.Debug|x86.ActiveCfg = Debug|Win32
		{A3736935-970C-4DFE-8421-4A28E85BE29B}.Debug|x86.Build.0 = Debug|Win32
		{A3736935-970C-4DFE-8421-4A28E85BE29B}.Release|Any CPU.ActiveCfg = Release|Win32
		{A3736935-970C-4DFE-8421-4A28E85BE29B}.Release|x64.ActiveCfg = Release|x64
		{A3736935-970C-4DFE-8421-4A28E85BE29B}.Release|x64.Build.0 = Release|x64
		{A3736935-970C-4DFE-8421-4A28E85BE29B}.Release|x86.ActiveCfg = Release|Win32
		{A3736935-970C-4DFE-8421-4A28E85BE29B}.Release|x86.Build.0 = Release|Win32
		{43F26F8D-C5FB-4559-9BA9-2627B82AC2E2}.Debug|Any CPU.ActiveCfg = Debug|Win32
		{43F26F8D-C5FB-4559-9BA9-2627B82AC2E2}.Debug|x64.ActiveCfg = Debug|x64
		{43F26F8D-C5FB-4559-9BA9-2627B82AC2E2}.Debug|x64.Build.0 = Debug|x64
		{43F26F8D-C5FB-4559-9BA9-2627B82AC2E2}.Debug|x86.ActiveCfg = Debug|Win32
		{43F26F8D-C5FB-4559-9BA9-2627B82AC2E2}.Debug|x86.Build.0 = Debug|Win32
		{43F26F8D-C5FB-4559-9BA9-2627B82AC2E2}.Release|Any CPU.ActiveCfg = Release|Win32
		{43F26F8D-C5FB-4559-9BA9-2627B82AC2E2}.Release|x64.ActiveCfg = Release|x64
		{43F26F8D-C5FB-4559-9BA9-2627B82AC2E2}.Release|x64.Build.0 = Release|x64
		{43F26F8D-C5FB-4559-9BA9-2627B82AC2E2}.Release|x86.ActiveCfg = Release|Win32
		{43F26F8D-C5FB-4559-9BA9-2627B82AC2E2}.Release|x86.Build.0 = Release|Win32
		{847C247C-7135-4076-9A95-7CF4497BDBE7}.Debug|Any CPU.ActiveCfg = Debug|Win32
		{847C247C-7135-4076-9A95-7CF4497BDBE7}.Debug|x64.ActiveCfg = Debug|x64
		{847C247C-7135-4076-9A95-7CF4497BDBE7}.Debug|x64.Build.0 = Debug|x64
		{847C247C-7135-4076-9A95-7CF4497BDBE7}.Debug|x86.ActiveCfg = Debug|Win32
		{847C247C-7135-4076-9A95-7CF4497BDBE7}.Debug|x86.Build.0 = Debug|Win32
		{847C247C-7135-4076-9A95-7CF4497BDBE7}.Release|Any CPU.ActiveCfg = Release|Win32
		{847C247C-7135-4076-9A95-7CF4497BDBE7}.Release|x64.ActiveCfg = Release|x64
		{847C247C-7135-4076-9A95-7CF4497BDBE7}.Release|x64.Build.0 = Release|x64
		{847C247C-7135-4076-9A95-7CF4497BDBE7}.Release|x86.ActiveCfg = Release|Win32
		{847C247C-7135-4076-9A95-7CF4497BDBE7}.Release|x86.Build.0 = Release|Win32
		{5AAEEDD3-65F1-43C3-B6F0-DA32A7E88412}.Debug|Any CPU.ActiveCfg = Debug|Win32
		{5AAEEDD3-65F1-43C3-B6F0-DA32A7E88412}.Debug|x64.ActiveCfg = Debug|x64
		{5AAEEDD3-65F1-43C3-B6F0-DA32A7E88412}.Debug|x64.Build.0 = Debug|x64
		{5AAEEDD3-65F1-43C3-B6F0-DA32A7E88412}.Debug|x86.ActiveCfg = Debug|Win32
		{5AAEEDD3-65F1-43C3-B6F0-DA32A7E88412}.Debug|x86.Build.0 = Debug|Win32
		{5AAEEDD3-65F1-43C3-B6F0-DA32A7E88412}.Release|Any CPU.ActiveCfg = Release|Win32
		{5AAEEDD3-65F1-43C3-B6F0-DA32A7E88412}.Release|x64.ActiveCfg = Release|x64
		{5AAEEDD3-65F1-43C3-B6F0-DA32A7E88412}.Release|x64.Build.0 = Release|x64
		{5AAEEDD3-65F1-43C3-B6F0-DA32A7E88412}.Release|x86.ActiveCfg = Release|Win32
		{5AAEEDD3-65F1-43C3-B6F0-DA32A7E88412}.Release|x86.Build.0 = Release|Win32
		{DC031703-D7FF-4F8F-8F1F-A1E362E6876A}.Debug|Any CPU.ActiveCfg = Debug|Win32
		{DC031703-D7FF-4F8F-8F1F-A1E362E6876A}.Debug|x64.ActiveCfg = Debug|x64
		{DC031703-D7FF-4F8F-8F1F-A1E362E6876A}.Debug|x64.Build.0 = Debug|x64
		{DC031703-D7FF-4F8F-8F1F-A1E362E6876A}.Debug|x86.ActiveCfg = Debug|Win32
		{DC031703-D7FF-4F8F-8F1F-A1E362E6876A}.Debug|x86.Build.0 = Debug|Win32
		{DC031703-D7FF-4F8F-8F1F-A1E362E6876A}.Release|Any CPU.ActiveCfg = Release|Win32
		{DC031703-D7FF-4F8F-8F1F-A1E362E6876A}.Release|x64.ActiveCfg = Release|x64
		{DC031703-D7FF-4F8F-8F1F-A1E362E6876A}.Release|x64.Build.0 = Release|x64
		{DC031703-D7FF-4F8F-8F1F-A1E362E6876A}.Release|x86.ActiveCfg = Release|Win32
		{DC031703-D7FF-4F8F-8F1F-A1E362E6876A}.Release|x86.Build.0 = Release|Win32
		{59D6B0AE-320E-40AE-BB75-1E2916C3347E}.Debug|Any CPU.ActiveCfg = Debug|Win32
		{59D6B0AE-320E-40AE-BB75-1E2916C3347E}.Debug|x64.ActiveCfg = Debug|x64
		{59D6B0AE-320E-40AE-BB75-1E2916C3347E}.Debug|x64.Build.0 = Debug|x64
		{59D6B0AE-320E-40AE-BB75-1E2916C3347E}.Debug|x86.ActiveCfg = Debug|Win32
		{59D6B0AE-320E-40AE-BB75-1E2916C3347E}.Debug|x86.Build.0 = Debug|Win32
		{59D6B0AE-320E-40AE-BB75-1E2916C3347E}.Release|Any CPU.ActiveCfg = Release|Win32
		{59D6B0AE-320E-40AE-BB75-1E2916C3347E}.Release|x64.ActiveCfg = Release|x64
		{59D6B0AE-320E-40AE-BB75-1E2916C3347E}.Release|x64.Build.0 = Release|x64
		{59D6B0AE-320E-40AE-BB75-1E2916C3347E}.Release|x86.ActiveCfg = Release|Win32
		{59D6B0AE-320E-40AE-BB75-1E2916C3347E}.Release|x86.Build.0 = Release|Win32
		{C8E1DA56-983A-435A-8DC6-4B4851A9D1E0}.Debug|Any CPU.ActiveCfg = Debug|Win32
		{C8E1DA56-983A-435A-8DC6-4B4851A9D1E0}.Debug|x64.ActiveCfg = Debug|x64
		{C8E1DA56-983A-435A-8DC6-4B4851A9D1E0}.Debug|x64.Build.0 = Debug|x64
		{C8E1DA56-983A-435A-8DC6-4B4851A9D1E0}.Debug|x86.ActiveCfg = Debug|Win32
		{C8E1DA56-983A-435A-8DC6-4B4851A9D1E0}.Debug|x86.Build.0 = Debug|Win32
		{C8E1DA56-983A-435A-8DC6-4B4851A9D1E0}.Release|Any CPU.ActiveCfg = Release|Win32
		{C8E1DA56-983A-435A-8DC6-4B4851A9D1E0}.Release|x64.ActiveCfg = Release|x64
		{C8E1DA56-983A-435A-8DC6-4B4851A9D1E0}.Release|x64.Build.0 = Release|x64
		{C8E1DA56-983A-435A-8DC6-4B4851A9D1E0}.Release|x86.ActiveCfg = Release|Win32
		{C8E1DA56-983A-435A-8DC6-4B4851A9D1E0}.Release|x86.Build.0 = Release|Win32
		{51F8E5D6-BE2D-4C48-B1A8-2B45154BCAEA}.Debug|Any CPU.ActiveCfg = Debug|Win32
		{51F8E5D6-BE2D-4C48-B1A8-2B45154BCAEA}.Debug|x64.ActiveCfg = Debug|x64
		{51F8E5D6-BE2D-4C48-B1A8-2B45154BCAEA}.Debug|x64.Build.0 = Debug|x64
		{51F8E5D6-BE2D-4C48-B1A8-2B45154BCAEA}.Debug|x86.ActiveCfg = Debug|Win32
		{51F8E5D6-BE2D-4C48-B1A8-2B45154BCAEA}.Debug|x86.Build.0 = Debug|Win32
		{51F8E5D6-BE2D-4C48-B1A8-2B45154BCAEA}.Release|Any CPU.ActiveCfg = Release|Win32
		{51F8E5D6-BE2D-4C48-B1A8-2B45154BCAEA}.Release|x64.ActiveCfg = Release|x64
		{51F8E5D6-BE2D-4C48-B1A8-2B45154BCAEA}.Release|x64.Build.0 = Release|x64
		{51F8E5D6-BE2D-4C48-B1A8-2B45154BCAEA}.Release|x86.ActiveCfg = Release|Win32
		{51F8E5D6-BE2D-4C48-B1A8-2B45154BCAEA}.Release|x86.Build.0 = Release|Win32
		{21012A5C-385B-4243-A327-4D5AE8B0FE0E}.Debug|Any CPU.ActiveCfg = Debug|Win32
		{21012A5C-385B-4243-A327-4D5AE8B0FE0E}.Debug|x64.ActiveCfg = Debug|x64
		{21012A5C-385B-4243-A327-4D5AE8B0FE0E}.Debug|x64.Build.0 = Debug|x64
		{21012A5C-385B-4243-A327-4D5AE8B0FE0E}.Debug|x86.ActiveCfg = Debug|Win32
		{21012A5C-385B-4243-A327-4D5AE8B0FE0E}.Debug|x86.Build.0 = Debug|Win32
		{21012A5C-385B-4243-A327-4D5AE8B0FE0E}.Release|Any CPU.ActiveCfg = Release|Win32
		{21012A5C-385B-4243-A327-4D5AE8B0FE0E}.Release|x64.ActiveCfg = Release|x64
		{21012A5C-385B-4243-A327-4D5AE8B0FE0E}.Release|x64.Build.0 = Release|x64
		{21012A5C-385B-4243-A327-4D5AE8B0FE0E}.Release|x86.ActiveCfg = Release|Win32
		{21012A5C-385B-4243-A327-4D5AE8B0FE0E}.Release|x86.Build.0 = Release|Win32
		{2FAD1745-F8B6-453C-9587-58EA01D73EE2}.Debug|Any CPU.ActiveCfg = Debug|Win32
		{2FAD1745-F8B6-453C-9587-58EA01D73EE2}.Debug|x64.ActiveCfg = Debug|x64
		{2FAD1745-F8B6-453C-9587-58EA01D73EE2}.Debug|x64.Build.0 = Debug|x64
		{2FAD1745-F8B6-453C-9587-58EA01D73EE2}.Debug|x86.ActiveCfg = Debug|Win32
		{2FAD1745-F8B6-453C-9587-58EA01D73EE2}.Debug|x86.Build.0 = Debug|Win32
		{2FAD1745-F8B6-453C-9587-58EA01D73EE2}.Release|Any CPU.ActiveCfg = Release|Win32
		{2FAD1745-F8B6-453C-9587-58EA01D73EE2}.Release|x64.ActiveCfg = Release|x64
		{2FAD1745-F8B6-453C-9587-58EA01D73EE2}.Release|x64.Build.0 = Release|x64
		{2FAD1745-F8B6-453C-9587-58EA01D73EE2}.Release|x86.ActiveCfg = Release|Win32
		{2FAD1745-F8B6-453C-9587-58EA01D73EE2}.Release|x86.Build.0 = Release|Win32
		{A848BA61-C652-4F27-8350-66AE5840A7C4}.Debug|Any CPU.ActiveCfg = Debug|Win32
		{A848BA61-C652-4F27-8350-66AE5840A7C4}.Debug|x64.ActiveCfg = Debug|x64
		{A848BA61-C652-4F27-8350-66AE5840A7C4}.Debug|x64.Build.0 = Debug|x64
		{A848BA61-C652-4F27-8350-66AE5840A7C4}.Debug|x86.ActiveCfg = Debug|Win32
		{A848BA61-C652-4F27-8350-66AE5840A7C4}.Debug|x86.Build.0 = Debug|Win32
		{A848BA61-C652-4F27-8350-66AE5840A7C4}.Release|Any CPU.ActiveCfg = Release|Win32
		{A848BA61-C652-4F27-8350-66AE5840A7C4}.Release|x64.ActiveCfg = Release|x64
		{A848BA61-C652-4F27-8350-66AE5840A7C4}.Release|x64.Build.0 = Release|x64
		{A848BA61-C652-4F27-8350-66AE5840A7C4}.Release|x86.ActiveCfg = Release|Win32
		{A848BA61-C652-4F27-8350-66AE5840A7C4}.Release|x86.Build.0 = Release|Win32
		{2C191B70-9E2A-448F-926F-C0D73F947FEF}.Debug|Any CPU.ActiveCfg = Debug|Win32
		{2C191B70-9E2A-448F-926F-C0D73F947FEF}.Debug|x64.ActiveCfg = Debug|x64
		{2C191B70-9E2A-448F-926F-C0D73F947FEF}.Debug|x64.Build.0 = Debug|x64
		{2C191B70-9E2A-448F-926F-C0D73F947FEF}.Debug|x86.ActiveCfg = Debug|Win32
		{2C191B70-9E2A-448F-926F-C0D73F947FEF}.Debug|x86.Build.0 = Debug|Win32
		{2C191B70-9E2A-448F-926F-C0D73F947FEF}.Release|Any CPU.ActiveCfg = Release|Win32
		{2C191B70-9E2A-448F-926F-C0D73F947FEF}.Release|x64.ActiveCfg = Release|x64
		{2C191B70-9E2A-448F-926F-C0D73F947FEF}.Release|x64.Build.0 = Release|x64
		{2C191B70-9E2A-448F-926F-C0D73F947FEF}.Release|x86.ActiveCfg = Release|Win32
		{2C191B70-9E2A-448F-926F-C0D73F947FEF}.Release|x86.Build.0 = Release|Win32
	EndGlobalSection
	GlobalSection(SolutionProperties) = preSolution
		HideSolutionNode = FALSE
	EndGlobalSection
	GlobalSection(ExtensibilityGlobals) = postSolution
		SolutionGuid = {03BCFAE7-79F9-4A52-ACF2-32FD60942032}
	EndGlobalSection
EndGlobal
